// !$*UTF8*$!
{
	archiveVersion = 1;
	classes = {
	};
	objectVersion = 46;
	objects = {

/* Begin PBXBuildFile section */
		0C2C66611DAF139E00C6651B /* RedViewController.swift in Sources */ = {isa = PBXBuildFile; fileRef = 0C2C66601DAF139E00C6651B /* RedViewController.swift */; };
		0C2C66631DAF153400C6651B /* BlueViewController.swift in Sources */ = {isa = PBXBuildFile; fileRef = 0C2C66621DAF153400C6651B /* BlueViewController.swift */; };
		0CDE707E1DAEBE0700DEF875 /* AppDelegate.swift in Sources */ = {isa = PBXBuildFile; fileRef = 0CDE707D1DAEBE0700DEF875 /* AppDelegate.swift */; };
		0CDE70801DAEBE0700DEF875 /* ViewController.swift in Sources */ = {isa = PBXBuildFile; fileRef = 0CDE707F1DAEBE0700DEF875 /* ViewController.swift */; };
		0CDE70851DAEBE0700DEF875 /* Assets.xcassets in Resources */ = {isa = PBXBuildFile; fileRef = 0CDE70841DAEBE0700DEF875 /* Assets.xcassets */; };
		0CDE70881DAEBE0700DEF875 /* LaunchScreen.storyboard in Resources */ = {isa = PBXBuildFile; fileRef = 0CDE70861DAEBE0700DEF875 /* LaunchScreen.storyboard */; };
/* End PBXBuildFile section */

/* Begin PBXFileReference section */
		0C2C66601DAF139E00C6651B /* RedViewController.swift */ = {isa = PBXFileReference; fileEncoding = 4; lastKnownFileType = sourcecode.swift; path = RedViewController.swift; sourceTree = "<group>"; };
		0C2C66621DAF153400C6651B /* BlueViewController.swift */ = {isa = PBXFileReference; fileEncoding = 4; lastKnownFileType = sourcecode.swift; path = BlueViewController.swift; sourceTree = "<group>"; };
		0CDE707A1DAEBE0700DEF875 /* RedBlueSquareArenas.app */ = {isa = PBXFileReference; explicitFileType = wrapper.application; includeInIndex = 0; path = RedBlueSquareArenas.app; sourceTree = BUILT_PRODUCTS_DIR; };
		0CDE707D1DAEBE0700DEF875 /* AppDelegate.swift */ = {isa = PBXFileReference; lastKnownFileType = sourcecode.swift; path = AppDelegate.swift; sourceTree = "<group>"; };
		0CDE707F1DAEBE0700DEF875 /* ViewController.swift */ = {isa = PBXFileReference; lastKnownFileType = sourcecode.swift; path = ViewController.swift; sourceTree = "<group>"; };
		0CDE70841DAEBE0700DEF875 /* Assets.xcassets */ = {isa = PBXFileReference; lastKnownFileType = folder.assetcatalog; path = Assets.xcassets; sourceTree = "<group>"; };
		0CDE70871DAEBE0700DEF875 /* Base */ = {isa = PBXFileReference; lastKnownFileType = file.storyboard; name = Base; path = Base.lproj/LaunchScreen.storyboard; sourceTree = "<group>"; };
		0CDE70891DAEBE0700DEF875 /* Info.plist */ = {isa = PBXFileReference; lastKnownFileType = text.plist.xml; path = Info.plist; sourceTree = "<group>"; };
/* End PBXFileReference section */

/* Begin PBXFrameworksBuildPhase section */
		0CDE70771DAEBE0700DEF875 /* Frameworks */ = {
			isa = PBXFrameworksBuildPhase;
			buildActionMask = 2147483647;
			files = (
			);
			runOnlyForDeploymentPostprocessing = 0;
		};
/* End PBXFrameworksBuildPhase section */

/* Begin PBXGroup section */
		0CDE70711DAEBE0700DEF875 = {
			isa = PBXGroup;
			children = (
				0CDE707C1DAEBE0700DEF875 /* RedBlueSquareArenas */,
				0CDE707B1DAEBE0700DEF875 /* Products */,
			);
			sourceTree = "<group>";
		};
		0CDE707B1DAEBE0700DEF875 /* Products */ = {
			isa = PBXGroup;
			children = (
				0CDE707A1DAEBE0700DEF875 /* RedBlueSquareArenas.app */,
			);
			name = Products;
			sourceTree = "<group>";
		};
		0CDE707C1DAEBE0700DEF875 /* RedBlueSquareArenas */ = {
			isa = PBXGroup;
			children = (
				0CDE707D1DAEBE0700DEF875 /* AppDelegate.swift */,
				0CDE707F1DAEBE0700DEF875 /* ViewController.swift */,
				0C2C66621DAF153400C6651B /* BlueViewController.swift */,
				0C2C66601DAF139E00C6651B /* RedViewController.swift */,
				0CDE70841DAEBE0700DEF875 /* Assets.xcassets */,
				0CDE70861DAEBE0700DEF875 /* LaunchScreen.storyboard */,
				0CDE70891DAEBE0700DEF875 /* Info.plist */,
			);
			path = RedBlueSquareArenas;
			sourceTree = "<group>";
		};
/* End PBXGroup section */

/* Begin PBXNativeTarget section */
		0CDE70791DAEBE0700DEF875 /* RedBlueSquareArenas */ = {
			isa = PBXNativeTarget;
			buildConfigurationList = 0CDE708C1DAEBE0700DEF875 /* Build configuration list for PBXNativeTarget "RedBlueSquareArenas" */;
			buildPhases = (
				0CDE70761DAEBE0700DEF875 /* Sources */,
				0CDE70771DAEBE0700DEF875 /* Frameworks */,
				0CDE70781DAEBE0700DEF875 /* Resources */,
			);
			buildRules = (
			);
			dependencies = (
			);
			name = RedBlueSquareArenas;
			productName = RedBlueSquareArenas;
			productReference = 0CDE707A1DAEBE0700DEF875 /* RedBlueSquareArenas.app */;
			productType = "com.apple.product-type.application";
		};
/* End PBXNativeTarget section */

/* Begin PBXProject section */
		0CDE70721DAEBE0700DEF875 /* Project object */ = {
			isa = PBXProject;
			attributes = {
				LastSwiftUpdateCheck = 0800;
				LastUpgradeCheck = 0800;
				ORGANIZATIONNAME = "Mindy Lou";
				TargetAttributes = {
					0CDE70791DAEBE0700DEF875 = {
						CreatedOnToolsVersion = 8.0;
						ProvisioningStyle = Automatic;
					};
				};
			};
			buildConfigurationList = 0CDE70751DAEBE0700DEF875 /* Build configuration list for PBXProject "RedBlueSquareArenas" */;
			compatibilityVersion = "Xcode 3.2";
			developmentRegion = English;
			hasScannedForEncodings = 0;
			knownRegions = (
				en,
				Base,
			);
			mainGroup = 0CDE70711DAEBE0700DEF875;
			productRefGroup = 0CDE707B1DAEBE0700DEF875 /* Products */;
			projectDirPath = "";
			projectRoot = "";
			targets = (
				0CDE70791DAEBE0700DEF875 /* RedBlueSquareArenas */,
			);
		};
/* End PBXProject section */

/* Begin PBXResourcesBuildPhase section */
		0CDE70781DAEBE0700DEF875 /* Resources */ = {
			isa = PBXResourcesBuildPhase;
			buildActionMask = 2147483647;
			files = (
				0CDE70881DAEBE0700DEF875 /* LaunchScreen.storyboard in Resources */,
				0CDE70851DAEBE0700DEF875 /* Assets.xcassets in Resources */,
			);
			runOnlyForDeploymentPostprocessing = 0;
		};
/* End PBXResourcesBuildPhase section */

/* Begin PBXSourcesBuildPhase section */
		0CDE70761DAEBE0700DEF875 /* Sources */ = {
			isa = PBXSourcesBuildPhase;
			buildActionMask = 2147483647;
			files = (
				0CDE70801DAEBE0700DEF875 /* ViewController.swift in Sources */,
				0C2C66611DAF139E00C6651B /* RedViewController.swift in Sources */,
				0C2C66631DAF153400C6651B /* BlueViewController.swift in Sources */,
				0CDE707E1DAEBE0700DEF875 /* AppDelegate.swift in Sources */,
			);
			runOnlyForDeploymentPostprocessing = 0;
		};
/* End PBXSourcesBuildPhase section */

/* Begin PBXVariantGroup section */
		0CDE70861DAEBE0700DEF875 /* LaunchScreen.storyboard */ = {
			isa = PBXVariantGroup;
			children = (
				0CDE70871DAEBE0700DEF875 /* Base */,
			);
			name = LaunchScreen.storyboard;
			sourceTree = "<group>";
		};
/* End PBXVariantGroup section */

/* Begin XCBuildConfiguration section */
		0CDE708A1DAEBE0700DEF875 /* Debug */ = {
			isa = XCBuildConfiguration;
			buildSettings = {
				ALWAYS_SEARCH_USER_PATHS = NO;
				CLANG_ANALYZER_NONNULL = YES;
				CLANG_CXX_LANGUAGE_STANDARD = "gnu++0x";
				CLANG_CXX_LIBRARY = "libc++";
				CLANG_ENABLE_MODULES = YES;
				CLANG_ENABLE_OBJC_ARC = YES;
				CLANG_WARN_BOOL_CONVERSION = YES;
				CLANG_WARN_CONSTANT_CONVERSION = YES;
				CLANG_WARN_DIRECT_OBJC_ISA_USAGE = YES_ERROR;
				CLANG_WARN_DOCUMENTATION_COMMENTS = YES;
				CLANG_WARN_EMPTY_BODY = YES;
				CLANG_WARN_ENUM_CONVERSION = YES;
				CLANG_WARN_INFINITE_RECURSION = YES;
				CLANG_WARN_INT_CONVERSION = YES;
				CLANG_WARN_OBJC_ROOT_CLASS = YES_ERROR;
				CLANG_WARN_SUSPICIOUS_MOVES = YES;
				CLANG_WARN_UNREACHABLE_CODE = YES;
				CLANG_WARN__DUPLICATE_METHOD_MATCH = YES;
				"CODE_SIGN_IDENTITY[sdk=iphoneos*]" = "iPhone Developer";
				COPY_PHASE_STRIP = NO;
				DEBUG_INFORMATION_FORMAT = dwarf;
				ENABLE_STRICT_OBJC_MSGSEND = YES;
				ENABLE_TESTABILITY = YES;
				GCC_C_LANGUAGE_STANDARD = gnu99;
				GCC_DYNAMIC_NO_PIC = NO;
				GCC_NO_COMMON_BLOCKS = YES;
				GCC_OPTIMIZATION_LEVEL = 0;
				GCC_PREPROCESSOR_DEFINITIONS = (
					"DEBUG=1",
					"$(inherited)",
				);
				GCC_WARN_64_TO_32_BIT_CONVERSION = YES;
				GCC_WARN_ABOUT_RETURN_TYPE = YES_ERROR;
				GCC_WARN_UNDECLARED_SELECTOR = YES;
				GCC_WARN_UNINITIALIZED_AUTOS = YES_AGGRESSIVE;
				GCC_WARN_UNUSED_FUNCTION = YES;
				GCC_WARN_UNUSED_VARIABLE = YES;
				IPHONEOS_DEPLOYMENT_TARGET = 10.0;
				MTL_ENABLE_DEBUG_INFO = YES;
				ONLY_ACTIVE_ARCH = YES;
				SDKROOT = iphoneos;
				SWIFT_ACTIVE_COMPILATION_CONDITIONS = DEBUG;
				SWIFT_OPTIMIZATION_LEVEL = "-Onone";
			};
			name = Debug;
		};
		0CDE708B1DAEBE0700DEF875 /* Release */ = {
			isa = XCBuildConfiguration;
			buildSettings = {
				ALWAYS_SEARCH_USER_PATHS = NO;
				CLANG_ANALYZER_NONNULL = YES;
				CLANG_CXX_LANGUAGE_STANDARD = "gnu++0x";
				CLANG_CXX_LIBRARY = "libc++";
				CLANG_ENABLE_MODULES = YES;
				CLANG_ENABLE_OBJC_ARC = YES;
				CLANG_WARN_BOOL_CONVERSION = YES;
				CLANG_WARN_CONSTANT_CONVERSION = YES;
				CLANG_WARN_DIRECT_OBJC_ISA_USAGE = YES_ERROR;
				CLANG_WARN_DOCUMENTATION_COMMENTS = YES;
				CLANG_WARN_EMPTY_BODY = YES;
				CLANG_WARN_ENUM_CONVERSION = YES;
				CLANG_WARN_INFINITE_RECURSION = YES;
				CLANG_WARN_INT_CONVERSION = YES;
				CLANG_WARN_OBJC_ROOT_CLASS = YES_ERROR;
				CLANG_WARN_SUSPICIOUS_MOVES = YES;
				CLANG_WARN_UNREACHABLE_CODE = YES;
				CLANG_WARN__DUPLICATE_METHOD_MATCH = YES;
				"CODE_SIGN_IDENTITY[sdk=iphoneos*]" = "iPhone Developer";
				COPY_PHASE_STRIP = NO;
				DEBUG_INFORMATION_FORMAT = "dwarf-with-dsym";
				ENABLE_NS_ASSERTIONS = NO;
				ENABLE_STRICT_OBJC_MSGSEND = YES;
				GCC_C_LANGUAGE_STANDARD = gnu99;
				GCC_NO_COMMON_BLOCKS = YES;
				GCC_WARN_64_TO_32_BIT_CONVERSION = YES;
				GCC_WARN_ABOUT_RETURN_TYPE = YES_ERROR;
				GCC_WARN_UNDECLARED_SELECTOR = YES;
				GCC_WARN_UNINITIALIZED_AUTOS = YES_AGGRESSIVE;
				GCC_WARN_UNUSED_FUNCTION = YES;
				GCC_WARN_UNUSED_VARIABLE = YES;
				IPHONEOS_DEPLOYMENT_TARGET = 10.0;
				MTL_ENABLE_DEBUG_INFO = NO;
				SDKROOT = iphoneos;
				SWIFT_OPTIMIZATION_LEVEL = "-Owholemodule";
				VALIDATE_PRODUCT = YES;
			};
			name = Release;
		};
		0CDE708D1DAEBE0700DEF875 /* Debug */ = {
			isa = XCBuildConfiguration;
			buildSettings = {
				ASSETCATALOG_COMPILER_APPICON_NAME = AppIcon;
				INFOPLIST_FILE = RedBlueSquareArenas/Info.plist;
				LD_RUNPATH_SEARCH_PATHS = "$(inherited) @executable_path/Frameworks";
				PRODUCT_BUNDLE_IDENTIFIER = com.mindylou.RedBlueSquareArenas;
				PRODUCT_NAME = "$(TARGET_NAME)";
				SWIFT_VERSION = 3.0;
			};
			name = Debug;
		};
		0CDE708E1DAEBE0700DEF875 /* Release */ = {
			isa = XCBuildConfiguration;
			buildSettings = {
				ASSETCATALOG_COMPILER_APPICON_NAME = AppIcon;
				INFOPLIST_FILE = RedBlueSquareArenas/Info.plist;
				LD_RUNPATH_SEARCH_PATHS = "$(inherited) @executable_path/Frameworks";
				PRODUCT_BUNDLE_IDENTIFIER = com.mindylou.RedBlueSquareArenas;
				PRODUCT_NAME = "$(TARGET_NAME)";
				SWIFT_VERSION = 3.0;
			};
			name = Release;
		};
/* End XCBuildConfiguration section */

/* Begin XCConfigurationList section */
		0CDE70751DAEBE0700DEF875 /* Build configuration list for PBXProject "RedBlueSquareArenas" */ = {
			isa = XCConfigurationList;
			buildConfigurations = (
				0CDE708A1DAEBE0700DEF875 /* Debug */,
				0CDE708B1DAEBE0700DEF875 /* Release */,
			);
			defaultConfigurationIsVisible = 0;
			defaultConfigurationName = Release;
		};
		0CDE708C1DAEBE0700DEF875 /* Build configuration list for PBXNativeTarget "RedBlueSquareArenas" */ = {
			isa = XCConfigurationList;
			buildConfigurations = (
				0CDE708D1DAEBE0700DEF875 /* Debug */,
				0CDE708E1DAEBE0700DEF875 /* Release */,
			);
			defaultConfigurationIsVisible = 0;
			defaultConfigurationName = Release;
		};
/* End XCConfigurationList section */
	};
	rootObject = 0CDE70721DAEBE0700DEF875 /* Project object */;
}
